
Microsoft Visual Studio Solution File, Format Version 12.00
# Visual Studio Version 17
VisualStudioVersion = 17.5.33424.131
MinimumVisualStudioVersion = 10.0.40219.1
Project("{FAE04EC0-301F-11D3-BF4B-00C04F79EFBC}") = "WarehouseApi", "WarehouseApi.csproj", "{491F1B91-EB30-4A6E-B21F-7BC794B900C6}"
EndProject
Global
	GlobalSection(SolutionConfigurationPlatforms) = preSolution
		Debug|Any CPU = Debug|Any CPU
		Release|Any CPU = Release|Any CPU
	EndGlobalSection
	GlobalSection(ProjectConfigurationPlatforms) = postSolution
		{491F1B91-EB30-4A6E-B21F-7BC794B900C6}.Debug|Any CPU.ActiveCfg = Debug|Any CPU
		{491F1B91-EB30-4A6E-B21F-7BC794B900C6}.Debug|Any CPU.Build.0 = Debug|Any CPU
		{491F1B91-EB30-4A6E-B21F-7BC794B900C6}.Release|Any CPU.ActiveCfg = Release|Any CPU
		{491F1B91-EB30-4A6E-B21F-7BC794B900C6}.Release|Any CPU.Build.0 = Release|Any CPU
	EndGlobalSection
	GlobalSection(SolutionProperties) = preSolution
		HideSolutionNode = FALSE
	EndGlobalSection
	GlobalSection(ExtensibilityGlobals) = postSolution
		SolutionGuid = {23A572D2-1BF9-441A-A949-4B3476580EF6}
	EndGlobalSection
EndGlobal
